
Microsoft Visual Studio Solution File, Format Version 12.00
# Visual Studio Version 17
VisualStudioVersion = 17.8.34511.84
MinimumVisualStudioVersion = 10.0.40219.1
Project("{9A19103F-16F7-4668-BE54-9A1E7A4F7556}") = "Telegram_Bot", "Telegram_Bot.csproj", "{32A87476-554E-4F65-8A47-6B968C7A789E}"
EndProject
Global
	GlobalSection(SolutionConfigurationPlatforms) = preSolution
		Debug|Any CPU = Debug|Any CPU
		Release|Any CPU = Release|Any CPU
	EndGlobalSection
	GlobalSection(ProjectConfigurationPlatforms) = postSolution
		{32A87476-554E-4F65-8A47-6B968C7A789E}.Debug|Any CPU.ActiveCfg = Debug|Any CPU
		{32A87476-554E-4F65-8A47-6B968C7A789E}.Debug|Any CPU.Build.0 = Debug|Any CPU
		{32A87476-554E-4F65-8A47-6B968C7A789E}.Release|Any CPU.ActiveCfg = Release|Any CPU
		{32A87476-554E-4F65-8A47-6B968C7A789E}.Release|Any CPU.Build.0 = Release|Any CPU
	EndGlobalSection
	GlobalSection(SolutionProperties) = preSolution
		HideSolutionNode = FALSE
	EndGlobalSection
	GlobalSection(ExtensibilityGlobals) = postSolution
		SolutionGuid = {BDE4202A-4729-4AF2-A7E2-A02FB6BF05DF}
	EndGlobalSection
EndGlobal
